PODS:
  - BGFMDB (4.0):
    - BGFMDB/FMDB (= 4.0)
  - BGFMDB/FMDB (4.0)
  - YYKit (1.0.9):
    - YYKit/no-arc (= 1.0.9)
  - YYKit/no-arc (1.0.9)

DEPENDENCIES:
  - BGFMDB (from `../`)
  - YYKit (= 1.0.9)

SPEC REPOS:
  trunk:
    - YYKit

EXTERNAL SOURCES:
  BGFMDB:
    :path: "../"

SPEC CHECKSUMS:
  BGFMDB: 25ea6ae9e3fb5a054f81b06b575e499a48258868
  YYKit: 7cda43304a8dc3696c449041e2cb3107b4e236e7

PODFILE CHECKSUM: c215aa7ca3a915c8fcc016ed0fe08e08c45ce7db

COCOAPODS: 1.14.3
